{
  "name": "liver-workbench",
  "version": "1.0.0",
  "lockfileVersion": 3,
  "requires": true,
  "packages": {
    "": {
      "name": "liver-workbench",
      "version": "1.0.0",
      "dependencies": {
        "@vitejs/plugin-react": "latest",
        "react": "latest",
        "react-dom": "latest",
        "typescript": "latest",
        "vite": "latest"
      },
      "devDependencies": {
        "@eslint/js": "latest",
        "@playwright/test": "latest",
        "@testing-library/jest-dom": "latest",
        "@testing-library/react": "latest",
        "@testing-library/user-event": "latest",
        "@types/react": "latest",
        "@types/react-dom": "latest",
        "eslint": "latest",
        "eslint-plugin-react-hooks": "latest",
        "eslint-plugin-react-refresh": "latest",
        "fake-indexeddb": "latest",
        "globals": "latest",
        "jsdom": "latest",
        "vitest": "latest",
        "@types/node": "latest"
      }
    }
  }
}
